
Microsoft Visual Studio Solution File, Format Version 12.00
# Visual Studio Version 17
VisualStudioVersion = 17.0.31903.59
MinimumVisualStudioVersion = 10.0.40219.1
Project("{2150E333-8FDC-42A3-9474-1A3956D46DE8}") = "PaymentService", "PaymentService", "{B5B4A7ED-1651-49E8-9822-BE897795AD1D}"
EndProject
Project("{2150E333-8FDC-42A3-9474-1A3956D46DE8}") = "BookingService", "BookingService", "{AEB4DC57-2931-4DA6-9FAC-AFBFE1498BEE}"
EndProject
Project("{2150E333-8FDC-42A3-9474-1A3956D46DE8}") = "Core", "Core", "{0F81CDC8-EC1D-4A28-A434-60CA1D6E79CF}"
EndProject
Project("{2150E333-8FDC-42A3-9474-1A3956D46DE8}") = "Domain", "Domain", "{E164F405-378F-42C2-AB53-29572C5AFB70}"
EndProject
Project("{2150E333-8FDC-42A3-9474-1A3956D46DE8}") = "Application", "Application", "{BA68EF9B-04E8-4038-B6DC-992821F23202}"
EndProject
Project("{2150E333-8FDC-42A3-9474-1A3956D46DE8}") = "Adapters", "Adapters", "{35D5E722-8EBC-4BEA-8BDF-8CCDD7A9446D}"
EndProject
Project("{2150E333-8FDC-42A3-9474-1A3956D46DE8}") = "Consumers", "Consumers", "{9BF6B7BA-DEA0-4918-9182-FD91F5BE0C80}"
EndProject
Project("{2150E333-8FDC-42A3-9474-1A3956D46DE8}") = "Tests", "Tests", "{6ACBE641-27D5-4B87-ABEE-50F4D827678A}"
EndProject
Project("{2150E333-8FDC-42A3-9474-1A3956D46DE8}") = "Domain", "Domain", "{53071363-11C3-45D3-A072-80A23453FE8C}"
EndProject
Project("{2150E333-8FDC-42A3-9474-1A3956D46DE8}") = "Application", "Application", "{263AC692-280F-46D5-A5F3-775923D4ACCF}"
EndProject
Project("{2150E333-8FDC-42A3-9474-1A3956D46DE8}") = "Adapters", "Adapters", "{97FA54ED-83BD-4684-A359-0F4077480A06}"
EndProject
Project("{9A19103F-16F7-4668-BE54-9A1E7A4F7556}") = "Tests", "BookingService\Tests\Domain\DomainTests\Tests.csproj", "{AA979732-98B7-4555-8C94-A0427D17CBD0}"
EndProject
Project("{9A19103F-16F7-4668-BE54-9A1E7A4F7556}") = "Tests", "BookingService\Tests\Adapters\AdaptersTests\Tests.csproj", "{98FD42E5-AF7A-4B46-8795-A7A2BEE76712}"
EndProject
Project("{9A19103F-16F7-4668-BE54-9A1E7A4F7556}") = "Tests", "BookingService\Tests\Application\ApplicationTests\Tests.csproj", "{CE377118-8222-480A-A5AB-A47822C324EE}"
EndProject
Project("{9A19103F-16F7-4668-BE54-9A1E7A4F7556}") = "Data", "BookingService\Adapters\Data\Data.csproj", "{9452CD8F-EC54-4DD8-9F59-BB812F63E89C}"
EndProject
Project("{9A19103F-16F7-4668-BE54-9A1E7A4F7556}") = "Application", "BookingService\Core\Application\Application.csproj", "{138DCAD3-3252-413A-B389-1C15B9FAF464}"
EndProject
Project("{9A19103F-16F7-4668-BE54-9A1E7A4F7556}") = "Domain", "BookingService\Core\Domain\Domain.csproj", "{10CC7B0E-16B0-4A62-9229-160BAD757076}"
EndProject
Project("{9A19103F-16F7-4668-BE54-9A1E7A4F7556}") = "API", "BookingService\Consumers\API\API.csproj", "{96CBB3F8-3F71-46E3-BBBD-C87AB610F286}"
EndProject
Global
	GlobalSection(SolutionConfigurationPlatforms) = preSolution
		Debug|Any CPU = Debug|Any CPU
		Release|Any CPU = Release|Any CPU
	EndGlobalSection
	GlobalSection(ProjectConfigurationPlatforms) = postSolution
		{AA979732-98B7-4555-8C94-A0427D17CBD0}.Debug|Any CPU.ActiveCfg = Debug|Any CPU
		{AA979732-98B7-4555-8C94-A0427D17CBD0}.Debug|Any CPU.Build.0 = Debug|Any CPU
		{AA979732-98B7-4555-8C94-A0427D17CBD0}.Release|Any CPU.ActiveCfg = Release|Any CPU
		{AA979732-98B7-4555-8C94-A0427D17CBD0}.Release|Any CPU.Build.0 = Release|Any CPU
		{98FD42E5-AF7A-4B46-8795-A7A2BEE76712}.Debug|Any CPU.ActiveCfg = Debug|Any CPU
		{98FD42E5-AF7A-4B46-8795-A7A2BEE76712}.Debug|Any CPU.Build.0 = Debug|Any CPU
		{98FD42E5-AF7A-4B46-8795-A7A2BEE76712}.Release|Any CPU.ActiveCfg = Release|Any CPU
		{98FD42E5-AF7A-4B46-8795-A7A2BEE76712}.Release|Any CPU.Build.0 = Release|Any CPU
		{CE377118-8222-480A-A5AB-A47822C324EE}.Debug|Any CPU.ActiveCfg = Debug|Any CPU
		{CE377118-8222-480A-A5AB-A47822C324EE}.Debug|Any CPU.Build.0 = Debug|Any CPU
		{CE377118-8222-480A-A5AB-A47822C324EE}.Release|Any CPU.ActiveCfg = Release|Any CPU
		{CE377118-8222-480A-A5AB-A47822C324EE}.Release|Any CPU.Build.0 = Release|Any CPU
		{9452CD8F-EC54-4DD8-9F59-BB812F63E89C}.Debug|Any CPU.ActiveCfg = Debug|Any CPU
		{9452CD8F-EC54-4DD8-9F59-BB812F63E89C}.Debug|Any CPU.Build.0 = Debug|Any CPU
		{9452CD8F-EC54-4DD8-9F59-BB812F63E89C}.Release|Any CPU.ActiveCfg = Release|Any CPU
		{9452CD8F-EC54-4DD8-9F59-BB812F63E89C}.Release|Any CPU.Build.0 = Release|Any CPU
		{138DCAD3-3252-413A-B389-1C15B9FAF464}.Debug|Any CPU.ActiveCfg = Debug|Any CPU
		{138DCAD3-3252-413A-B389-1C15B9FAF464}.Debug|Any CPU.Build.0 = Debug|Any CPU
		{138DCAD3-3252-413A-B389-1C15B9FAF464}.Release|Any CPU.ActiveCfg = Release|Any CPU
		{138DCAD3-3252-413A-B389-1C15B9FAF464}.Release|Any CPU.Build.0 = Release|Any CPU
		{10CC7B0E-16B0-4A62-9229-160BAD757076}.Debug|Any CPU.ActiveCfg = Debug|Any CPU
		{10CC7B0E-16B0-4A62-9229-160BAD757076}.Debug|Any CPU.Build.0 = Debug|Any CPU
		{10CC7B0E-16B0-4A62-9229-160BAD757076}.Release|Any CPU.ActiveCfg = Release|Any CPU
		{10CC7B0E-16B0-4A62-9229-160BAD757076}.Release|Any CPU.Build.0 = Release|Any CPU
		{96CBB3F8-3F71-46E3-BBBD-C87AB610F286}.Debug|Any CPU.ActiveCfg = Debug|Any CPU
		{96CBB3F8-3F71-46E3-BBBD-C87AB610F286}.Debug|Any CPU.Build.0 = Debug|Any CPU
		{96CBB3F8-3F71-46E3-BBBD-C87AB610F286}.Release|Any CPU.ActiveCfg = Release|Any CPU
		{96CBB3F8-3F71-46E3-BBBD-C87AB610F286}.Release|Any CPU.Build.0 = Release|Any CPU
	EndGlobalSection
	GlobalSection(SolutionProperties) = preSolution
		HideSolutionNode = FALSE
	EndGlobalSection
	GlobalSection(NestedProjects) = preSolution
		{0F81CDC8-EC1D-4A28-A434-60CA1D6E79CF} = {AEB4DC57-2931-4DA6-9FAC-AFBFE1498BEE}
		{E164F405-378F-42C2-AB53-29572C5AFB70} = {0F81CDC8-EC1D-4A28-A434-60CA1D6E79CF}
		{BA68EF9B-04E8-4038-B6DC-992821F23202} = {0F81CDC8-EC1D-4A28-A434-60CA1D6E79CF}
		{35D5E722-8EBC-4BEA-8BDF-8CCDD7A9446D} = {AEB4DC57-2931-4DA6-9FAC-AFBFE1498BEE}
		{9BF6B7BA-DEA0-4918-9182-FD91F5BE0C80} = {AEB4DC57-2931-4DA6-9FAC-AFBFE1498BEE}
		{6ACBE641-27D5-4B87-ABEE-50F4D827678A} = {AEB4DC57-2931-4DA6-9FAC-AFBFE1498BEE}
		{53071363-11C3-45D3-A072-80A23453FE8C} = {6ACBE641-27D5-4B87-ABEE-50F4D827678A}
		{263AC692-280F-46D5-A5F3-775923D4ACCF} = {6ACBE641-27D5-4B87-ABEE-50F4D827678A}
		{97FA54ED-83BD-4684-A359-0F4077480A06} = {6ACBE641-27D5-4B87-ABEE-50F4D827678A}
		{AA979732-98B7-4555-8C94-A0427D17CBD0} = {53071363-11C3-45D3-A072-80A23453FE8C}
		{98FD42E5-AF7A-4B46-8795-A7A2BEE76712} = {97FA54ED-83BD-4684-A359-0F4077480A06}
		{CE377118-8222-480A-A5AB-A47822C324EE} = {263AC692-280F-46D5-A5F3-775923D4ACCF}
		{9452CD8F-EC54-4DD8-9F59-BB812F63E89C} = {35D5E722-8EBC-4BEA-8BDF-8CCDD7A9446D}
		{138DCAD3-3252-413A-B389-1C15B9FAF464} = {BA68EF9B-04E8-4038-B6DC-992821F23202}
		{10CC7B0E-16B0-4A62-9229-160BAD757076} = {E164F405-378F-42C2-AB53-29572C5AFB70}
		{96CBB3F8-3F71-46E3-BBBD-C87AB610F286} = {9BF6B7BA-DEA0-4918-9182-FD91F5BE0C80}
	EndGlobalSection
	GlobalSection(ExtensibilityGlobals) = postSolution
		SolutionGuid = {13BAB955-95BD-4194-ACDB-B87CDAAEF51C}
	EndGlobalSection
EndGlobal
